Microsoft Visual Studio Solution File, Format Version 12.00
# Visual Studio Version 17
VisualStudioVersion = 17.5.2.0
MinimumVisualStudioVersion = 10.0.40219.1
Project("{FAE04EC0-301F-11D3-BF4B-00C04F79EFBC}") = "st7789v-wos-demo", "st7789v-wos-demo\st7789v-wos-demo.csproj", "{8CC733D0-51FA-22BF-E01D-9BCE7812F929}"
EndProject
Global
	GlobalSection(SolutionConfigurationPlatforms) = preSolution
		Debug|Any CPU = Debug|Any CPU
		Release|Any CPU = Release|Any CPU
	EndGlobalSection
	GlobalSection(ProjectConfigurationPlatforms) = postSolution
		{8CC733D0-51FA-22BF-E01D-9BCE7812F929}.Debug|Any CPU.ActiveCfg = Debug|Any CPU
		{8CC733D0-51FA-22BF-E01D-9BCE7812F929}.Debug|Any CPU.Build.0 = Debug|Any CPU
		{8CC733D0-51FA-22BF-E01D-9BCE7812F929}.Release|Any CPU.ActiveCfg = Release|Any CPU
		{8CC733D0-51FA-22BF-E01D-9BCE7812F929}.Release|Any CPU.Build.0 = Release|Any CPU
	EndGlobalSection
	GlobalSection(SolutionProperties) = preSolution
		HideSolutionNode = FALSE
	EndGlobalSection
	GlobalSection(ExtensibilityGlobals) = postSolution
		SolutionGuid = {ABC2B136-054C-441A-9E25-6E78131445E9}
	EndGlobalSection
EndGlobal
